// !$*UTF8*$!
{
	archiveVersion = 1;
	classes = {
	};
	objectVersion = 46;
	objects = {

/* Begin PBXBuildFile section */
		3C141EE61D0A95E00081011B /* AppDelegate.swift in Sources */ = {isa = PBXBuildFile; fileRef = 3C141EE51D0A95E00081011B /* AppDelegate.swift */; };
		3C141EE81D0A95E00081011B /* ViewController.swift in Sources */ = {isa = PBXBuildFile; fileRef = 3C141EE71D0A95E00081011B /* ViewController.swift */; };
		3C141EEB1D0A95E00081011B /* Main.storyboard in Resources */ = {isa = PBXBuildFile; fileRef = 3C141EE91D0A95E00081011B /* Main.storyboard */; };
		3C141EEE1D0A95E00081011B /* Daydash.xcdatamodeld in Sources */ = {isa = PBXBuildFile; fileRef = 3C141EEC1D0A95E00081011B /* Daydash.xcdatamodeld */; };
		3C141EF01D0A95E00081011B /* Assets.xcassets in Resources */ = {isa = PBXBuildFile; fileRef = 3C141EEF1D0A95E00081011B /* Assets.xcassets */; };
		3C141EF31D0A95E00081011B /* LaunchScreen.storyboard in Resources */ = {isa = PBXBuildFile; fileRef = 3C141EF11D0A95E00081011B /* LaunchScreen.storyboard */; };
		3C141EFE1D0A95E00081011B /* DaydashTests.swift in Sources */ = {isa = PBXBuildFile; fileRef = 3C141EFD1D0A95E00081011B /* DaydashTests.swift */; };
		3C141F091D0A95E00081011B /* DaydashUITests.swift in Sources */ = {isa = PBXBuildFile; fileRef = 3C141F081D0A95E00081011B /* DaydashUITests.swift */; };
/* End PBXBuildFile section */

/* Begin PBXContainerItemProxy section */
		3C141EFA1D0A95E00081011B /* PBXContainerItemProxy */ = {
			isa = PBXContainerItemProxy;
			containerPortal = 3C141EDA1D0A95E00081011B /* Project object */;
			proxyType = 1;
			remoteGlobalIDString = 3C141EE11D0A95E00081011B;
			remoteInfo = Daydash;
		};
		3C141F051D0A95E00081011B /* PBXContainerItemProxy */ = {
			isa = PBXContainerItemProxy;
			containerPortal = 3C141EDA1D0A95E00081011B /* Project object */;
			proxyType = 1;
			remoteGlobalIDString = 3C141EE11D0A95E00081011B;
			remoteInfo = Daydash;
		};
/* End PBXContainerItemProxy section */

/* Begin PBXFileReference section */
		3C141EE21D0A95E00081011B /* Daydash.app */ = {isa = PBXFileReference; explicitFileType = wrapper.application; includeInIndex = 0; path = Daydash.app; sourceTree = BUILT_PRODUCTS_DIR; };
		3C141EE51D0A95E00081011B /* AppDelegate.swift */ = {isa = PBXFileReference; lastKnownFileType = sourcecode.swift; path = AppDelegate.swift; sourceTree = "<group>"; };
		3C141EE71D0A95E00081011B /* ViewController.swift */ = {isa = PBXFileReference; lastKnownFileType = sourcecode.swift; path = ViewController.swift; sourceTree = "<group>"; };
		3C141EEA1D0A95E00081011B /* Base */ = {isa = PBXFileReference; lastKnownFileType = file.storyboard; name = Base; path = Base.lproj/Main.storyboard; sourceTree = "<group>"; };
		3C141EED1D0A95E00081011B /* Daydash.xcdatamodel */ = {isa = PBXFileReference; lastKnownFileType = wrapper.xcdatamodel; path = Daydash.xcdatamodel; sourceTree = "<group>"; };
		3C141EEF1D0A95E00081011B /* Assets.xcassets */ = {isa = PBXFileReference; lastKnownFileType = folder.assetcatalog; path = Assets.xcassets; sourceTree = "<group>"; };
		3C141EF21D0A95E00081011B /* Base */ = {isa = PBXFileReference; lastKnownFileType = file.storyboard; name = Base; path = Base.lproj/LaunchScreen.storyboard; sourceTree = "<group>"; };
		3C141EF41D0A95E00081011B /* Info.plist */ = {isa = PBXFileReference; lastKnownFileType = text.plist.xml; path = Info.plist; sourceTree = "<group>"; };
		3C141EF91D0A95E00081011B /* DaydashTests.xctest */ = {isa = PBXFileReference; explicitFileType = wrapper.cfbundle; includeInIndex = 0; path = DaydashTests.xctest; sourceTree = BUILT_PRODUCTS_DIR; };
		3C141EFD1D0A95E00081011B /* DaydashTests.swift */ = {isa = PBXFileReference; lastKnownFileType = sourcecode.swift; path = DaydashTests.swift; sourceTree = "<group>"; };
		3C141EFF1D0A95E00081011B /* Info.plist */ = {isa = PBXFileReference; lastKnownFileType = text.plist.xml; path = Info.plist; sourceTree = "<group>"; };
		3C141F041D0A95E00081011B /* DaydashUITests.xctest */ = {isa = PBXFileReference; explicitFileType = wrapper.cfbundle; includeInIndex = 0; path = DaydashUITests.xctest; sourceTree = BUILT_PRODUCTS_DIR; };
		3C141F081D0A95E00081011B /* DaydashUITests.swift */ = {isa = PBXFileReference; lastKnownFileType = sourcecode.swift; path = DaydashUITests.swift; sourceTree = "<group>"; };
		3C141F0A1D0A95E00081011B /* Info.plist */ = {isa = PBXFileReference; lastKnownFileType = text.plist.xml; path = Info.plist; sourceTree = "<group>"; };
/* End PBXFileReference section */

/* Begin PBXFrameworksBuildPhase section */
		3C141EDF1D0A95E00081011B /* Frameworks */ = {
			isa = PBXFrameworksBuildPhase;
			buildActionMask = 2147483647;
			files = (
			);
			runOnlyForDeploymentPostprocessing = 0;
		};
		3C141EF61D0A95E00081011B /* Frameworks */ = {
			isa = PBXFrameworksBuildPhase;
			buildActionMask = 2147483647;
			files = (
			);
			runOnlyForDeploymentPostprocessing = 0;
		};
		3C141F011D0A95E00081011B /* Frameworks */ = {
			isa = PBXFrameworksBuildPhase;
			buildActionMask = 2147483647;
			files = (
			);
			runOnlyForDeploymentPostprocessing = 0;
		};
/* End PBXFrameworksBuildPhase section */

/* Begin PBXGroup section */
		3C141ED91D0A95E00081011B = {
			isa = PBXGroup;
			children = (
				3C141EE41D0A95E00081011B /* Daydash */,
				3C141EFC1D0A95E00081011B /* DaydashTests */,
				3C141F071D0A95E00081011B /* DaydashUITests */,
				3C141EE31D0A95E00081011B /* Products */,
			);
			sourceTree = "<group>";
		};
		3C141EE31D0A95E00081011B /* Products */ = {
			isa = PBXGroup;
			children = (
				3C141EE21D0A95E00081011B /* Daydash.app */,
				3C141EF91D0A95E00081011B /* DaydashTests.xctest */,
				3C141F041D0A95E00081011B /* DaydashUITests.xctest */,
			);
			name = Products;
			sourceTree = "<group>";
		};
		3C141EE41D0A95E00081011B /* Daydash */ = {
			isa = PBXGroup;
			children = (
				3C141EE51D0A95E00081011B /* AppDelegate.swift */,
				3C141EE71D0A95E00081011B /* ViewController.swift */,
				3C141EE91D0A95E00081011B /* Main.storyboard */,
				3C141EEF1D0A95E00081011B /* Assets.xcassets */,
				3C141EF11D0A95E00081011B /* LaunchScreen.storyboard */,
				3C141EF41D0A95E00081011B /* Info.plist */,
				3C141EEC1D0A95E00081011B /* Daydash.xcdatamodeld */,
			);
			path = Daydash;
			sourceTree = "<group>";
		};
		3C141EFC1D0A95E00081011B /* DaydashTests */ = {
			isa = PBXGroup;
			children = (
				3C141EFD1D0A95E00081011B /* DaydashTests.swift */,
				3C141EFF1D0A95E00081011B /* Info.plist */,
			);
			path = DaydashTests;
			sourceTree = "<group>";
		};
		3C141F071D0A95E00081011B /* DaydashUITests */ = {
			isa = PBXGroup;
			children = (
				3C141F081D0A95E00081011B /* DaydashUITests.swift */,
				3C141F0A1D0A95E00081011B /* Info.plist */,
			);
			path = DaydashUITests;
			sourceTree = "<group>";
		};
/* End PBXGroup section */

/* Begin PBXNativeTarget section */
		3C141EE11D0A95E00081011B /* Daydash */ = {
			isa = PBXNativeTarget;
			buildConfigurationList = 3C141F0D1D0A95E00081011B /* Build configuration list for PBXNativeTarget "Daydash" */;
			buildPhases = (
				3C141EDE1D0A95E00081011B /* Sources */,
				3C141EDF1D0A95E00081011B /* Frameworks */,
				3C141EE01D0A95E00081011B /* Resources */,
			);
			buildRules = (
			);
			dependencies = (
			);
			name = Daydash;
			productName = Daydash;
			productReference = 3C141EE21D0A95E00081011B /* Daydash.app */;
			productType = "com.apple.product-type.application";
		};
		3C141EF81D0A95E00081011B /* DaydashTests */ = {
			isa = PBXNativeTarget;
			buildConfigurationList = 3C141F101D0A95E00081011B /* Build configuration list for PBXNativeTarget "DaydashTests" */;
			buildPhases = (
				3C141EF51D0A95E00081011B /* Sources */,
				3C141EF61D0A95E00081011B /* Frameworks */,
				3C141EF71D0A95E00081011B /* Resources */,
			);
			buildRules = (
			);
			dependencies = (
				3C141EFB1D0A95E00081011B /* PBXTargetDependency */,
			);
			name = DaydashTests;
			productName = DaydashTests;
			productReference = 3C141EF91D0A95E00081011B /* DaydashTests.xctest */;
			productType = "com.apple.product-type.bundle.unit-test";
		};
		3C141F031D0A95E00081011B /* DaydashUITests */ = {
			isa = PBXNativeTarget;
			buildConfigurationList = 3C141F131D0A95E00081011B /* Build configuration list for PBXNativeTarget "DaydashUITests" */;
			buildPhases = (
				3C141F001D0A95E00081011B /* Sources */,
				3C141F011D0A95E00081011B /* Frameworks */,
				3C141F021D0A95E00081011B /* Resources */,
			);
			buildRules = (
			);
			dependencies = (
				3C141F061D0A95E00081011B /* PBXTargetDependency */,
			);
			name = DaydashUITests;
			productName = DaydashUITests;
			productReference = 3C141F041D0A95E00081011B /* DaydashUITests.xctest */;
			productType = "com.apple.product-type.bundle.ui-testing";
		};
/* End PBXNativeTarget section */

/* Begin PBXProject section */
		3C141EDA1D0A95E00081011B /* Project object */ = {
			isa = PBXProject;
			attributes = {
				LastSwiftUpdateCheck = 0720;
				LastUpgradeCheck = 0720;
				ORGANIZATIONNAME = daydash.co;
				TargetAttributes = {
					3C141EE11D0A95E00081011B = {
						CreatedOnToolsVersion = 7.2.1;
						DevelopmentTeam = EP3N742TBS;
					};
					3C141EF81D0A95E00081011B = {
						CreatedOnToolsVersion = 7.2.1;
						DevelopmentTeam = EP3N742TBS;
						TestTargetID = 3C141EE11D0A95E00081011B;
					};
					3C141F031D0A95E00081011B = {
						CreatedOnToolsVersion = 7.2.1;
						DevelopmentTeam = EP3N742TBS;
						TestTargetID = 3C141EE11D0A95E00081011B;
					};
				};
			};
			buildConfigurationList = 3C141EDD1D0A95E00081011B /* Build configuration list for PBXProject "Daydash" */;
			compatibilityVersion = "Xcode 3.2";
			developmentRegion = English;
			hasScannedForEncodings = 0;
			knownRegions = (
				en,
				Base,
			);
			mainGroup = 3C141ED91D0A95E00081011B;
			productRefGroup = 3C141EE31D0A95E00081011B /* Products */;
			projectDirPath = "";
			projectRoot = "";
			targets = (
				3C141EE11D0A95E00081011B /* Daydash */,
				3C141EF81D0A95E00081011B /* DaydashTests */,
				3C141F031D0A95E00081011B /* DaydashUITests */,
			);
		};
/* End PBXProject section */

/* Begin PBXResourcesBuildPhase section */
		3C141EE01D0A95E00081011B /* Resources */ = {
			isa = PBXResourcesBuildPhase;
			buildActionMask = 2147483647;
			files = (
				3C141EF31D0A95E00081011B /* LaunchScreen.storyboard in Resources */,
				3C141EF01D0A95E00081011B /* Assets.xcassets in Resources */,
				3C141EEB1D0A95E00081011B /* Main.storyboard in Resources */,
			);
			runOnlyForDeploymentPostprocessing = 0;
		};
		3C141EF71D0A95E00081011B /* Resources */ = {
			isa = PBXResourcesBuildPhase;
			buildActionMask = 2147483647;
			files = (
			);
			runOnlyForDeploymentPostprocessing = 0;
		};
		3C141F021D0A95E00081011B /* Resources */ = {
			isa = PBXResourcesBuildPhase;
			buildActionMask = 2147483647;
			files = (
			);
			runOnlyForDeploymentPostprocessing = 0;
		};
/* End PBXResourcesBuildPhase section */

/* Begin PBXSourcesBuildPhase section */
		3C141EDE1D0A95E00081011B /* Sources */ = {
			isa = PBXSourcesBuildPhase;
			buildActionMask = 2147483647;
			files = (
				3C141EEE1D0A95E00081011B /* Daydash.xcdatamodeld in Sources */,
				3C141EE81D0A95E00081011B /* ViewController.swift in Sources */,
				3C141EE61D0A95E00081011B /* AppDelegate.swift in Sources */,
			);
			runOnlyForDeploymentPostprocessing = 0;
		};
		3C141EF51D0A95E00081011B /* Sources */ = {
			isa = PBXSourcesBuildPhase;
			buildActionMask = 2147483647;
			files = (
				3C141EFE1D0A95E00081011B /* DaydashTests.swift in Sources */,
			);
			runOnlyForDeploymentPostprocessing = 0;
		};
		3C141F001D0A95E00081011B /* Sources */ = {
			isa = PBXSourcesBuildPhase;
			buildActionMask = 2147483647;
			files = (
				3C141F091D0A95E00081011B /* DaydashUITests.swift in Sources */,
			);
			runOnlyForDeploymentPostprocessing = 0;
		};
/* End PBXSourcesBuildPhase section */

/* Begin PBXTargetDependency section */
		3C141EFB1D0A95E00081011B /* PBXTargetDependency */ = {
			isa = PBXTargetDependency;
			target = 3C141EE11D0A95E00081011B /* Daydash */;
			targetProxy = 3C141EFA1D0A95E00081011B /* PBXContainerItemProxy */;
		};
		3C141F061D0A95E00081011B /* PBXTargetDependency */ = {
			isa = PBXTargetDependency;
			target = 3C141EE11D0A95E00081011B /* Daydash */;
			targetProxy = 3C141F051D0A95E00081011B /* PBXContainerItemProxy */;
		};
/* End PBXTargetDependency section */

/* Begin PBXVariantGroup section */
		3C141EE91D0A95E00081011B /* Main.storyboard */ = {
			isa = PBXVariantGroup;
			children = (
				3C141EEA1D0A95E00081011B /* Base */,
			);
			name = Main.storyboard;
			sourceTree = "<group>";
		};
		3C141EF11D0A95E00081011B /* LaunchScreen.storyboard */ = {
			isa = PBXVariantGroup;
			children = (
				3C141EF21D0A95E00081011B /* Base */,
			);
			name = LaunchScreen.storyboard;
			sourceTree = "<group>";
		};
/* End PBXVariantGroup section */

/* Begin XCBuildConfiguration section */
		3C141F0B1D0A95E00081011B /* Debug */ = {
			isa = XCBuildConfiguration;
			buildSettings = {
				ALWAYS_SEARCH_USER_PATHS = NO;
				CLANG_CXX_LANGUAGE_STANDARD = "gnu++0x";
				CLANG_CXX_LIBRARY = "libc++";
				CLANG_ENABLE_MODULES = YES;
				CLANG_ENABLE_OBJC_ARC = YES;
				CLANG_WARN_BOOL_CONVERSION = YES;
				CLANG_WARN_CONSTANT_CONVERSION = YES;
				CLANG_WARN_DIRECT_OBJC_ISA_USAGE = YES_ERROR;
				CLANG_WARN_EMPTY_BODY = YES;
				CLANG_WARN_ENUM_CONVERSION = YES;
				CLANG_WARN_INT_CONVERSION = YES;
				CLANG_WARN_OBJC_ROOT_CLASS = YES_ERROR;
				CLANG_WARN_UNREACHABLE_CODE = YES;
				CLANG_WARN__DUPLICATE_METHOD_MATCH = YES;
				"CODE_SIGN_IDENTITY[sdk=iphoneos*]" = "iPhone Developer";
				COPY_PHASE_STRIP = NO;
				DEBUG_INFORMATION_FORMAT = dwarf;
				ENABLE_STRICT_OBJC_MSGSEND = YES;
				ENABLE_TESTABILITY = YES;
				GCC_C_LANGUAGE_STANDARD = gnu99;
				GCC_DYNAMIC_NO_PIC = NO;
				GCC_NO_COMMON_BLOCKS = YES;
				GCC_OPTIMIZATION_LEVEL = 0;
				GCC_PREPROCESSOR_DEFINITIONS = (
					"DEBUG=1",
					"$(inherited)",
				);
				GCC_WARN_64_TO_32_BIT_CONVERSION = YES;
				GCC_WARN_ABOUT_RETURN_TYPE = YES_ERROR;
				GCC_WARN_UNDECLARED_SELECTOR = YES;
				GCC_WARN_UNINITIALIZED_AUTOS = YES_AGGRESSIVE;
				GCC_WARN_UNUSED_FUNCTION = YES;
				GCC_WARN_UNUSED_VARIABLE = YES;
				IPHONEOS_DEPLOYMENT_TARGET = 9.2;
				MTL_ENABLE_DEBUG_INFO = YES;
				ONLY_ACTIVE_ARCH = YES;
				SDKROOT = iphoneos;
				SWIFT_OPTIMIZATION_LEVEL = "-Onone";
				TARGETED_DEVICE_FAMILY = "1,2";
			};
			name = Debug;
		};
		3C141F0C1D0A95E00081011B /* Release */ = {
			isa = XCBuildConfiguration;
			buildSettings = {
				ALWAYS_SEARCH_USER_PATHS = NO;
				CLANG_CXX_LANGUAGE_STANDARD = "gnu++0x";
				CLANG_CXX_LIBRARY = "libc++";
				CLANG_ENABLE_MODULES = YES;
				CLANG_ENABLE_OBJC_ARC = YES;
				CLANG_WARN_BOOL_CONVERSION = YES;
				CLANG_WARN_CONSTANT_CONVERSION = YES;
				CLANG_WARN_DIRECT_OBJC_ISA_USAGE = YES_ERROR;
				CLANG_WARN_EMPTY_BODY = YES;
				CLANG_WARN_ENUM_CONVERSION = YES;
				CLANG_WARN_INT_CONVERSION = YES;
				CLANG_WARN_OBJC_ROOT_CLASS = YES_ERROR;
				CLANG_WARN_UNREACHABLE_CODE = YES;
				CLANG_WARN__DUPLICATE_METHOD_MATCH = YES;
				"CODE_SIGN_IDENTITY[sdk=iphoneos*]" = "iPhone Developer";
				COPY_PHASE_STRIP = NO;
				DEBUG_INFORMATION_FORMAT = "dwarf-with-dsym";
				ENABLE_NS_ASSERTIONS = NO;
				ENABLE_STRICT_OBJC_MSGSEND = YES;
				GCC_C_LANGUAGE_STANDARD = gnu99;
				GCC_NO_COMMON_BLOCKS = YES;
				GCC_WARN_64_TO_32_BIT_CONVERSION = YES;
				GCC_WARN_ABOUT_RETURN_TYPE = YES_ERROR;
				GCC_WARN_UNDECLARED_SELECTOR = YES;
				GCC_WARN_UNINITIALIZED_AUTOS = YES_AGGRESSIVE;
				GCC_WARN_UNUSED_FUNCTION = YES;
				GCC_WARN_UNUSED_VARIABLE = YES;
				IPHONEOS_DEPLOYMENT_TARGET = 9.2;
				MTL_ENABLE_DEBUG_INFO = NO;
				SDKROOT = iphoneos;
				TARGETED_DEVICE_FAMILY = "1,2";
				VALIDATE_PRODUCT = YES;
			};
			name = Release;
		};
		3C141F0E1D0A95E00081011B /* Debug */ = {
			isa = XCBuildConfiguration;
			buildSettings = {
				ASSETCATALOG_COMPILER_APPICON_NAME = AppIcon;
				INFOPLIST_FILE = Daydash/Info.plist;
				LD_RUNPATH_SEARCH_PATHS = "$(inherited) @executable_path/Frameworks";
				PRODUCT_BUNDLE_IDENTIFIER = co.daydash.client.Daydash;
				PRODUCT_NAME = "$(TARGET_NAME)";
			};
			name = Debug;
		};
		3C141F0F1D0A95E00081011B /* Release */ = {
			isa = XCBuildConfiguration;
			buildSettings = {
				ASSETCATALOG_COMPILER_APPICON_NAME = AppIcon;
				INFOPLIST_FILE = Daydash/Info.plist;
				LD_RUNPATH_SEARCH_PATHS = "$(inherited) @executable_path/Frameworks";
				PRODUCT_BUNDLE_IDENTIFIER = co.daydash.client.Daydash;
				PRODUCT_NAME = "$(TARGET_NAME)";
			};
			name = Release;
		};
		3C141F111D0A95E00081011B /* Debug */ = {
			isa = XCBuildConfiguration;
			buildSettings = {
				BUNDLE_LOADER = "$(TEST_HOST)";
				INFOPLIST_FILE = DaydashTests/Info.plist;
				LD_RUNPATH_SEARCH_PATHS = "$(inherited) @executable_path/Frameworks @loader_path/Frameworks";
				PRODUCT_BUNDLE_IDENTIFIER = co.daydash.client.DaydashTests;
				PRODUCT_NAME = "$(TARGET_NAME)";
				TEST_HOST = "$(BUILT_PRODUCTS_DIR)/Daydash.app/Daydash";
			};
			name = Debug;
		};
		3C141F121D0A95E00081011B /* Release */ = {
			isa = XCBuildConfiguration;
			buildSettings = {
				BUNDLE_LOADER = "$(TEST_HOST)";
				INFOPLIST_FILE = DaydashTests/Info.plist;
				LD_RUNPATH_SEARCH_PATHS = "$(inherited) @executable_path/Frameworks @loader_path/Frameworks";
				PRODUCT_BUNDLE_IDENTIFIER = co.daydash.client.DaydashTests;
				PRODUCT_NAME = "$(TARGET_NAME)";
				TEST_HOST = "$(BUILT_PRODUCTS_DIR)/Daydash.app/Daydash";
			};
			name = Release;
		};
		3C141F141D0A95E00081011B /* Debug */ = {
			isa = XCBuildConfiguration;
			buildSettings = {
				INFOPLIST_FILE = DaydashUITests/Info.plist;
				LD_RUNPATH_SEARCH_PATHS = "$(inherited) @executable_path/Frameworks @loader_path/Frameworks";
				PRODUCT_BUNDLE_IDENTIFIER = co.daydash.client.DaydashUITests;
				PRODUCT_NAME = "$(TARGET_NAME)";
				TEST_TARGET_NAME = Daydash;
				USES_XCTRUNNER = YES;
			};
			name = Debug;
		};
		3C141F151D0A95E00081011B /* Release */ = {
			isa = XCBuildConfiguration;
			buildSettings = {
				INFOPLIST_FILE = DaydashUITests/Info.plist;
				LD_RUNPATH_SEARCH_PATHS = "$(inherited) @executable_path/Frameworks @loader_path/Frameworks";
				PRODUCT_BUNDLE_IDENTIFIER = co.daydash.client.DaydashUITests;
				PRODUCT_NAME = "$(TARGET_NAME)";
				TEST_TARGET_NAME = Daydash;
				USES_XCTRUNNER = YES;
			};
			name = Release;
		};
/* End XCBuildConfiguration section */

/* Begin XCConfigurationList section */
		3C141EDD1D0A95E00081011B /* Build configuration list for PBXProject "Daydash" */ = {
			isa = XCConfigurationList;
			buildConfigurations = (
				3C141F0B1D0A95E00081011B /* Debug */,
				3C141F0C1D0A95E00081011B /* Release */,
			);
			defaultConfigurationIsVisible = 0;
			defaultConfigurationName = Release;
		};
		3C141F0D1D0A95E00081011B /* Build configuration list for PBXNativeTarget "Daydash" */ = {
			isa = XCConfigurationList;
			buildConfigurations = (
				3C141F0E1D0A95E00081011B /* Debug */,
				3C141F0F1D0A95E00081011B /* Release */,
			);
			defaultConfigurationIsVisible = 0;
		};
		3C141F101D0A95E00081011B /* Build configuration list for PBXNativeTarget "DaydashTests" */ = {
			isa = XCConfigurationList;
			buildConfigurations = (
				3C141F111D0A95E00081011B /* Debug */,
				3C141F121D0A95E00081011B /* Release */,
			);
			defaultConfigurationIsVisible = 0;
		};
		3C141F131D0A95E00081011B /* Build configuration list for PBXNativeTarget "DaydashUITests" */ = {
			isa = XCConfigurationList;
			buildConfigurations = (
				3C141F141D0A95E00081011B /* Debug */,
				3C141F151D0A95E00081011B /* Release */,
			);
			defaultConfigurationIsVisible = 0;
		};
/* End XCConfigurationList section */

/* Begin XCVersionGroup section */
		3C141EEC1D0A95E00081011B /* Daydash.xcdatamodeld */ = {
			isa = XCVersionGroup;
			children = (
				3C141EED1D0A95E00081011B /* Daydash.xcdatamodel */,
			);
			currentVersion = 3C141EED1D0A95E00081011B /* Daydash.xcdatamodel */;
			path = Daydash.xcdatamodeld;
			sourceTree = "<group>";
			versionGroupType = wrapper.xcdatamodel;
		};
/* End XCVersionGroup section */
	};
	rootObject = 3C141EDA1D0A95E00081011B /* Project object */;
}
